
Microsoft Visual Studio Solution File, Format Version 12.00
# Visual Studio Version 17
VisualStudioVersion = 17.14.36017.23
MinimumVisualStudioVersion = 10.0.40219.1
Project("{FAE04EC0-301F-11D3-BF4B-00C04F79EFBC}") = "BookApplication", "BookApplication\BookApplication.csproj", "{F96A60DD-B6F1-4F9C-8687-BB113A952FC7}"
EndProject
Global
	GlobalSection(SolutionConfigurationPlatforms) = preSolution
		Debug|Any CPU = Debug|Any CPU
		Release|Any CPU = Release|Any CPU
	EndGlobalSection
	GlobalSection(ProjectConfigurationPlatforms) = postSolution
		{F96A60DD-B6F1-4F9C-8687-BB113A952FC7}.Debug|Any CPU.ActiveCfg = Debug|Any CPU
		{F96A60DD-B6F1-4F9C-8687-BB113A952FC7}.Debug|Any CPU.Build.0 = Debug|Any CPU
		{F96A60DD-B6F1-4F9C-8687-BB113A952FC7}.Release|Any CPU.ActiveCfg = Release|Any CPU
		{F96A60DD-B6F1-4F9C-8687-BB113A952FC7}.Release|Any CPU.Build.0 = Release|Any CPU
	EndGlobalSection
	GlobalSection(SolutionProperties) = preSolution
		HideSolutionNode = FALSE
	EndGlobalSection
	GlobalSection(ExtensibilityGlobals) = postSolution
		SolutionGuid = {365C1F81-9753-4566-BDE2-5772224D2DBC}
	EndGlobalSection
EndGlobal
